# This file is automatically @generated by Cargo.
# It is not intended for manual editing.
version = 4

[[package]]
name = "adler2"
version = "2.0.1"
source = "registry+https://github.com/rust-lang/crates.io-index"
checksum = "320119579fcad9c21884f5c4861d16174d0e06250625266f50fe6898340abefa"

[[package]]
name = "cfg-if"
version = "1.0.4"
source = "registry+https://github.com/rust-lang/crates.io-index"
checksum = "9330f8b2ff13f34540b44e946ef35111825727b38d33286ef986142615121801"

[[package]]
name = "cp437"
version = "0.1.1"
source = "registry+https://github.com/rust-lang/crates.io-index"
checksum = "891a48ae269a368d5e45e0b13ee401f90d3d400da92d881f7cb67bc9da711c14"

[[package]]
name = "crc32fast"
version = "1.5.0"
source = "registry+https://github.com/rust-lang/crates.io-index"
checksum = "9481c1c90cbf2ac953f07c8d4a58aa3945c425b7185c9154d67a65e4230da511"
dependencies = [
 "cfg-if",
]

[[package]]
name = "current_platform"
version = "0.2.0"
source = "registry+https://github.com/rust-lang/crates.io-index"
checksum = "a74858bcfe44b22016cb49337d7b6f04618c58e5dbfdef61b06b8c434324a0bc"

[[package]]
name = "encoding-next"
version = "0.3.0"
source = "registry+https://github.com/rust-lang/crates.io-index"
checksum = "a9608b0ee6675c72999ffd7f741cce94952ced799a1db80724eab2a77791a994"
dependencies = [
 "encoding-next-index-japanese",
 "encoding-next-index-korean",
 "encoding-next-index-simpchinese",
 "encoding-next-index-singlebyte",
 "encoding-next-index-tradchinese",
 "encoding-next-types",
]

[[package]]
name = "encoding-next-index-japanese"
version = "1.20180106.0"
source = "registry+https://github.com/rust-lang/crates.io-index"
checksum = "3cf1797243d6c8f00a269ec6abc8b13a3b74c30d76f2834a6e801a814204f257"

[[package]]
name = "encoding-next-index-korean"
version = "1.20180106.0"
source = "registry+https://github.com/rust-lang/crates.io-index"
checksum = "f43fb584f42bbc55eae6c98ce2cb6d7f546a83eca694eb4866016dce5d9ea677"

[[package]]
name = "encoding-next-index-simpchinese"
version = "1.20180106.0"
source = "registry+https://github.com/rust-lang/crates.io-index"
checksum = "d1dc69fd6a1f1c5fc2206ba488c73ab401587039539dad3d708a5074e7ae4a20"

[[package]]
name = "encoding-next-index-singlebyte"
version = "1.20180106.0"
source = "registry+https://github.com/rust-lang/crates.io-index"
checksum = "e02c0bac231a1cc5f494a7d78ef01b4a2e8927d34b9b5c8436cd486dc06d9a85"

[[package]]
name = "encoding-next-index-tradchinese"
version = "1.20180106.1"
source = "registry+https://github.com/rust-lang/crates.io-index"
checksum = "ee153a743b1f854f1595037b8fd285c8660ebf20ccb4384b81768b6d5f65ec5c"

[[package]]
name = "encoding-next-types"
version = "0.2.0"
source = "registry+https://github.com/rust-lang/crates.io-index"
checksum = "140d4fb15765d628e2b75335e8a8697bcbb4cdd2e639130335ce09985857e50f"

[[package]]
name = "flate2"
version = "1.1.9"
source = "registry+https://github.com/rust-lang/crates.io-index"
checksum = "843fba2746e448b37e26a819579957415c8cef339bf08564fe8b7ddbd959573c"
dependencies = [
 "crc32fast",
 "miniz_oxide",
]

[[package]]
name = "kaitai"
version = "0.11.0"
source = "git+https://github.com/kaitai-io/kaitai_struct_rust_runtime.git?tag=v0.11.0#770aff09ae32295a2cb0dafccc427f0c7273974a"
dependencies = [
 "cp437",
 "encoding-next",
 "flate2",
 "unicode-segmentation",
]

[[package]]
name = "miniz_oxide"
version = "0.8.9"
source = "registry+https://github.com/rust-lang/crates.io-index"
checksum = "1fa76a2c86f704bdb222d66965fb3d63269ce38518b83cb0575fca855ebb6316"
dependencies = [
 "adler2",
 "simd-adler32",
]

[[package]]
name = "simd-adler32"
version = "0.3.8"
source = "registry+https://github.com/rust-lang/crates.io-index"
checksum = "e320a6c5ad31d271ad523dcf3ad13e2767ad8b1cb8f047f75a8aeaf8da139da2"

[[package]]
name = "tiny-wasm"
version = "0.1.0"
dependencies = [
 "current_platform",
 "kaitai",
]

[[package]]
name = "unicode-segmentation"
version = "1.12.0"
source = "registry+https://github.com/rust-lang/crates.io-index"
checksum = "f6ccf251212114b54433ec949fd6a7841275f9ada20dddd2f29e9ceea4501493"
